// !$*UTF8*$!
{
	archiveVersion = 1;
	classes = {
	};
	objectVersion = 77;
	objects = {

/* Begin PBXBuildFile section */
		0574949B2F86628400E7BC28 /* AppDelegate.swift in Sources */ = {isa = PBXBuildFile; fileRef = 0574949A2F86628400E7BC28 /* AppDelegate.swift */; };
		0574949F2F86628400E7BC28 /* Main.html in Resources */ = {isa = PBXBuildFile; fileRef = 0574949D2F86628400E7BC28 /* Main.html */; };
		057494A12F86628400E7BC28 /* Icon.png in Resources */ = {isa = PBXBuildFile; fileRef = 057494A02F86628400E7BC28 /* Icon.png */; };
		057494A32F86628400E7BC28 /* Style.css in Resources */ = {isa = PBXBuildFile; fileRef = 057494A22F86628400E7BC28 /* Style.css */; };
		057494A52F86628400E7BC28 /* Script.js in Resources */ = {isa = PBXBuildFile; fileRef = 057494A42F86628400E7BC28 /* Script.js */; };
		057494A72F86628400E7BC28 /* ViewController.swift in Sources */ = {isa = PBXBuildFile; fileRef = 057494A62F86628400E7BC28 /* ViewController.swift */; };
		057494AA2F86628400E7BC28 /* Main.storyboard in Resources */ = {isa = PBXBuildFile; fileRef = 057494A82F86628400E7BC28 /* Main.storyboard */; };
		057494AC2F86628600E7BC28 /* Assets.xcassets in Resources */ = {isa = PBXBuildFile; fileRef = 057494AB2F86628600E7BC28 /* Assets.xcassets */; };
		057494B32F86628600E7BC28 /* Webcap Extension.appex in Embed Foundation Extensions */ = {isa = PBXBuildFile; fileRef = 057494B22F86628600E7BC28 /* Webcap Extension.appex */; settings = {ATTRIBUTES = (RemoveHeadersOnCopy, ); }; };
		057494B82F86628600E7BC28 /* SafariWebExtensionHandler.swift in Sources */ = {isa = PBXBuildFile; fileRef = 057494B72F86628600E7BC28 /* SafariWebExtensionHandler.swift */; };
		057494CC2F86628600E7BC28 /* content.css in Resources */ = {isa = PBXBuildFile; fileRef = 057494C42F86628600E7BC28 /* content.css */; };
		057494CD2F86628600E7BC28 /* editor.css in Resources */ = {isa = PBXBuildFile; fileRef = 057494C52F86628600E7BC28 /* editor.css */; };
		057494CE2F86628600E7BC28 /* background.js in Resources */ = {isa = PBXBuildFile; fileRef = 057494C62F86628600E7BC28 /* background.js */; };
		057494CF2F86628600E7BC28 /* editor.html in Resources */ = {isa = PBXBuildFile; fileRef = 057494C72F86628600E7BC28 /* editor.html */; };
		057494D02F86628600E7BC28 /* editor.js in Resources */ = {isa = PBXBuildFile; fileRef = 057494C82F86628600E7BC28 /* editor.js */; };
		057494D12F86628600E7BC28 /* icons in Resources */ = {isa = PBXBuildFile; fileRef = 057494C92F86628600E7BC28 /* icons */; };
		057494D22F86628600E7BC28 /* manifest.json in Resources */ = {isa = PBXBuildFile; fileRef = 057494CA2F86628600E7BC28 /* manifest.json */; };
		057494D32F86628600E7BC28 /* content.js in Resources */ = {isa = PBXBuildFile; fileRef = 057494CB2F86628600E7BC28 /* content.js */; };
/* End PBXBuildFile section */

/* Begin PBXContainerItemProxy section */
		057494B42F86628600E7BC28 /* PBXContainerItemProxy */ = {
			isa = PBXContainerItemProxy;
			containerPortal = 0574948F2F86628400E7BC28 /* Project object */;
			proxyType = 1;
			remoteGlobalIDString = 057494B12F86628600E7BC28;
			remoteInfo = "Webcap Extension";
		};
/* End PBXContainerItemProxy section */

/* Begin PBXCopyFilesBuildPhase section */
		057494BF2F86628600E7BC28 /* Embed Foundation Extensions */ = {
			isa = PBXCopyFilesBuildPhase;
			buildActionMask = 2147483647;
			dstPath = "";
			dstSubfolderSpec = 13;
			files = (
				057494B32F86628600E7BC28 /* Webcap Extension.appex in Embed Foundation Extensions */,
			);
			name = "Embed Foundation Extensions";
			runOnlyForDeploymentPostprocessing = 0;
		};
/* End PBXCopyFilesBuildPhase section */

/* Begin PBXFileReference section */
		057494972F86628400E7BC28 /* Webcap.app */ = {isa = PBXFileReference; explicitFileType = wrapper.application; includeInIndex = 0; path = Webcap.app; sourceTree = BUILT_PRODUCTS_DIR; };
		0574949A2F86628400E7BC28 /* AppDelegate.swift */ = {isa = PBXFileReference; lastKnownFileType = sourcecode.swift; path = AppDelegate.swift; sourceTree = "<group>"; };
		0574949E2F86628400E7BC28 /* Base */ = {isa = PBXFileReference; lastKnownFileType = text.html; name = Base; path = Base.lproj/Main.html; sourceTree = "<group>"; };
		057494A02F86628400E7BC28 /* Icon.png */ = {isa = PBXFileReference; lastKnownFileType = image.png; path = Icon.png; sourceTree = "<group>"; };
		057494A22F86628400E7BC28 /* Style.css */ = {isa = PBXFileReference; lastKnownFileType = text.css; path = Style.css; sourceTree = "<group>"; };
		057494A42F86628400E7BC28 /* Script.js */ = {isa = PBXFileReference; lastKnownFileType = sourcecode.javascript; path = Script.js; sourceTree = "<group>"; };
		057494A62F86628400E7BC28 /* ViewController.swift */ = {isa = PBXFileReference; lastKnownFileType = sourcecode.swift; path = ViewController.swift; sourceTree = "<group>"; };
		057494A92F86628400E7BC28 /* Base */ = {isa = PBXFileReference; lastKnownFileType = file.storyboard; name = Base; path = Base.lproj/Main.storyboard; sourceTree = "<group>"; };
		057494AB2F86628600E7BC28 /* Assets.xcassets */ = {isa = PBXFileReference; lastKnownFileType = folder.assetcatalog; path = Assets.xcassets; sourceTree = "<group>"; };
		057494AD2F86628600E7BC28 /* Info.plist */ = {isa = PBXFileReference; lastKnownFileType = text.plist.xml; path = Info.plist; sourceTree = "<group>"; };
		057494B22F86628600E7BC28 /* Webcap Extension.appex */ = {isa = PBXFileReference; explicitFileType = "wrapper.app-extension"; includeInIndex = 0; path = "Webcap Extension.appex"; sourceTree = BUILT_PRODUCTS_DIR; };
		057494B72F86628600E7BC28 /* SafariWebExtensionHandler.swift */ = {isa = PBXFileReference; lastKnownFileType = sourcecode.swift; path = SafariWebExtensionHandler.swift; sourceTree = "<group>"; };
		057494B92F86628600E7BC28 /* Info.plist */ = {isa = PBXFileReference; lastKnownFileType = text.plist.xml; path = Info.plist; sourceTree = "<group>"; };
		057494C42F86628600E7BC28 /* content.css */ = {isa = PBXFileReference; lastKnownFileType = text.css; name = content.css; path = ../../../extension/content.css; sourceTree = "<group>"; };
		057494C52F86628600E7BC28 /* editor.css */ = {isa = PBXFileReference; lastKnownFileType = text.css; name = editor.css; path = ../../../extension/editor.css; sourceTree = "<group>"; };
		057494C62F86628600E7BC28 /* background.js */ = {isa = PBXFileReference; lastKnownFileType = sourcecode.javascript; name = background.js; path = ../../../extension/background.js; sourceTree = "<group>"; };
		057494C72F86628600E7BC28 /* editor.html */ = {isa = PBXFileReference; lastKnownFileType = text.html; name = editor.html; path = ../../../extension/editor.html; sourceTree = "<group>"; };
		057494C82F86628600E7BC28 /* editor.js */ = {isa = PBXFileReference; lastKnownFileType = sourcecode.javascript; name = editor.js; path = ../../../extension/editor.js; sourceTree = "<group>"; };
		057494C92F86628600E7BC28 /* icons */ = {isa = PBXFileReference; lastKnownFileType = folder; name = icons; path = ../../../extension/icons; sourceTree = "<group>"; };
		057494CA2F86628600E7BC28 /* manifest.json */ = {isa = PBXFileReference; lastKnownFileType = text.json; name = manifest.json; path = ../../../extension/manifest.json; sourceTree = "<group>"; };
		057494CB2F86628600E7BC28 /* content.js */ = {isa = PBXFileReference; lastKnownFileType = sourcecode.javascript; name = content.js; path = ../../../extension/content.js; sourceTree = "<group>"; };
/* End PBXFileReference section */

/* Begin PBXFrameworksBuildPhase section */
		057494942F86628400E7BC28 /* Frameworks */ = {
			isa = PBXFrameworksBuildPhase;
			buildActionMask = 2147483647;
			files = (
			);
			runOnlyForDeploymentPostprocessing = 0;
		};
		057494AF2F86628600E7BC28 /* Frameworks */ = {
			isa = PBXFrameworksBuildPhase;
			buildActionMask = 2147483647;
			files = (
			);
			runOnlyForDeploymentPostprocessing = 0;
		};
/* End PBXFrameworksBuildPhase section */

/* Begin PBXGroup section */
		0574948E2F86628400E7BC28 = {
			isa = PBXGroup;
			children = (
				057494992F86628400E7BC28 /* Webcap */,
				057494B62F86628600E7BC28 /* Webcap Extension */,
				057494982F86628400E7BC28 /* Products */,
			);
			sourceTree = "<group>";
		};
		057494982F86628400E7BC28 /* Products */ = {
			isa = PBXGroup;
			children = (
				057494972F86628400E7BC28 /* Webcap.app */,
				057494B22F86628600E7BC28 /* Webcap Extension.appex */,
			);
			name = Products;
			sourceTree = "<group>";
		};
		057494992F86628400E7BC28 /* Webcap */ = {
			isa = PBXGroup;
			children = (
				0574949A2F86628400E7BC28 /* AppDelegate.swift */,
				057494A62F86628400E7BC28 /* ViewController.swift */,
				057494A82F86628400E7BC28 /* Main.storyboard */,
				057494AB2F86628600E7BC28 /* Assets.xcassets */,
				057494AD2F86628600E7BC28 /* Info.plist */,
				0574949C2F86628400E7BC28 /* Resources */,
			);
			path = Webcap;
			sourceTree = "<group>";
		};
		0574949C2F86628400E7BC28 /* Resources */ = {
			isa = PBXGroup;
			children = (
				0574949D2F86628400E7BC28 /* Main.html */,
				057494A02F86628400E7BC28 /* Icon.png */,
				057494A22F86628400E7BC28 /* Style.css */,
				057494A42F86628400E7BC28 /* Script.js */,
			);
			path = Resources;
			sourceTree = "<group>";
		};
		057494B62F86628600E7BC28 /* Webcap Extension */ = {
			isa = PBXGroup;
			children = (
				057494C32F86628600E7BC28 /* Resources */,
				057494B72F86628600E7BC28 /* SafariWebExtensionHandler.swift */,
				057494B92F86628600E7BC28 /* Info.plist */,
			);
			path = "Webcap Extension";
			sourceTree = "<group>";
		};
		057494C32F86628600E7BC28 /* Resources */ = {
			isa = PBXGroup;
			children = (
				057494C42F86628600E7BC28 /* content.css */,
				057494C52F86628600E7BC28 /* editor.css */,
				057494C62F86628600E7BC28 /* background.js */,
				057494C72F86628600E7BC28 /* editor.html */,
				057494C82F86628600E7BC28 /* editor.js */,
				057494C92F86628600E7BC28 /* icons */,
				057494CA2F86628600E7BC28 /* manifest.json */,
				057494CB2F86628600E7BC28 /* content.js */,
			);
			name = Resources;
			path = "Webcap Extension";
			sourceTree = SOURCE_ROOT;
		};
/* End PBXGroup section */

/* Begin PBXNativeTarget section */
		057494962F86628400E7BC28 /* Webcap */ = {
			isa = PBXNativeTarget;
			buildConfigurationList = 057494C02F86628600E7BC28 /* Build configuration list for PBXNativeTarget "Webcap" */;
			buildPhases = (
				057494932F86628400E7BC28 /* Sources */,
				057494942F86628400E7BC28 /* Frameworks */,
				057494952F86628400E7BC28 /* Resources */,
				057494BF2F86628600E7BC28 /* Embed Foundation Extensions */,
			);
			buildRules = (
			);
			dependencies = (
				057494B52F86628600E7BC28 /* PBXTargetDependency */,
			);
			name = Webcap;
			packageProductDependencies = (
			);
			productName = Webcap;
			productReference = 057494972F86628400E7BC28 /* Webcap.app */;
			productType = "com.apple.product-type.application";
		};
		057494B12F86628600E7BC28 /* Webcap Extension */ = {
			isa = PBXNativeTarget;
			buildConfigurationList = 057494BC2F86628600E7BC28 /* Build configuration list for PBXNativeTarget "Webcap Extension" */;
			buildPhases = (
				057494AE2F86628600E7BC28 /* Sources */,
				057494AF2F86628600E7BC28 /* Frameworks */,
				057494B02F86628600E7BC28 /* Resources */,
			);
			buildRules = (
			);
			dependencies = (
			);
			name = "Webcap Extension";
			packageProductDependencies = (
			);
			productName = "Webcap Extension";
			productReference = 057494B22F86628600E7BC28 /* Webcap Extension.appex */;
			productType = "com.apple.product-type.app-extension";
		};
/* End PBXNativeTarget section */

/* Begin PBXProject section */
		0574948F2F86628400E7BC28 /* Project object */ = {
			isa = PBXProject;
			attributes = {
				BuildIndependentTargetsInParallel = 1;
				LastSwiftUpdateCheck = 2640;
				LastUpgradeCheck = 2640;
				TargetAttributes = {
					057494962F86628400E7BC28 = {
						CreatedOnToolsVersion = 26.4;
					};
					057494B12F86628600E7BC28 = {
						CreatedOnToolsVersion = 26.4;
					};
				};
			};
			buildConfigurationList = 057494922F86628400E7BC28 /* Build configuration list for PBXProject "Webcap" */;
			developmentRegion = en;
			hasScannedForEncodings = 0;
			knownRegions = (
				en,
				Base,
			);
			mainGroup = 0574948E2F86628400E7BC28;
			minimizedProjectReferenceProxies = 1;
			preferredProjectObjectVersion = 77;
			productRefGroup = 057494982F86628400E7BC28 /* Products */;
			projectDirPath = "";
			projectRoot = "";
			targets = (
				057494962F86628400E7BC28 /* Webcap */,
				057494B12F86628600E7BC28 /* Webcap Extension */,
			);
		};
/* End PBXProject section */

/* Begin PBXResourcesBuildPhase section */
		057494952F86628400E7BC28 /* Resources */ = {
			isa = PBXResourcesBuildPhase;
			buildActionMask = 2147483647;
			files = (
				057494A12F86628400E7BC28 /* Icon.png in Resources */,
				057494AA2F86628400E7BC28 /* Main.storyboard in Resources */,
				057494A52F86628400E7BC28 /* Script.js in Resources */,
				0574949F2F86628400E7BC28 /* Main.html in Resources */,
				057494AC2F86628600E7BC28 /* Assets.xcassets in Resources */,
				057494A32F86628400E7BC28 /* Style.css in Resources */,
			);
			runOnlyForDeploymentPostprocessing = 0;
		};
		057494B02F86628600E7BC28 /* Resources */ = {
			isa = PBXResourcesBuildPhase;
			buildActionMask = 2147483647;
			files = (
				057494D32F86628600E7BC28 /* content.js in Resources */,
				057494CD2F86628600E7BC28 /* editor.css in Resources */,
				057494D22F86628600E7BC28 /* manifest.json in Resources */,
				057494CF2F86628600E7BC28 /* editor.html in Resources */,
				057494CE2F86628600E7BC28 /* background.js in Resources */,
				057494D12F86628600E7BC28 /* icons in Resources */,
				057494CC2F86628600E7BC28 /* content.css in Resources */,
				057494D02F86628600E7BC28 /* editor.js in Resources */,
			);
			runOnlyForDeploymentPostprocessing = 0;
		};
/* End PBXResourcesBuildPhase section */

/* Begin PBXSourcesBuildPhase section */
		057494932F86628400E7BC28 /* Sources */ = {
			isa = PBXSourcesBuildPhase;
			buildActionMask = 2147483647;
			files = (
				057494A72F86628400E7BC28 /* ViewController.swift in Sources */,
				0574949B2F86628400E7BC28 /* AppDelegate.swift in Sources */,
			);
			runOnlyForDeploymentPostprocessing = 0;
		};
		057494AE2F86628600E7BC28 /* Sources */ = {
			isa = PBXSourcesBuildPhase;
			buildActionMask = 2147483647;
			files = (
				057494B82F86628600E7BC28 /* SafariWebExtensionHandler.swift in Sources */,
			);
			runOnlyForDeploymentPostprocessing = 0;
		};
/* End PBXSourcesBuildPhase section */

/* Begin PBXTargetDependency section */
		057494B52F86628600E7BC28 /* PBXTargetDependency */ = {
			isa = PBXTargetDependency;
			target = 057494B12F86628600E7BC28 /* Webcap Extension */;
			targetProxy = 057494B42F86628600E7BC28 /* PBXContainerItemProxy */;
		};
/* End PBXTargetDependency section */

/* Begin PBXVariantGroup section */
		0574949D2F86628400E7BC28 /* Main.html */ = {
			isa = PBXVariantGroup;
			children = (
				0574949E2F86628400E7BC28 /* Base */,
			);
			name = Main.html;
			sourceTree = "<group>";
		};
		057494A82F86628400E7BC28 /* Main.storyboard */ = {
			isa = PBXVariantGroup;
			children = (
				057494A92F86628400E7BC28 /* Base */,
			);
			name = Main.storyboard;
			sourceTree = "<group>";
		};
/* End PBXVariantGroup section */

/* Begin XCBuildConfiguration section */
		057494BA2F86628600E7BC28 /* Debug */ = {
			isa = XCBuildConfiguration;
			buildSettings = {
				ALWAYS_SEARCH_USER_PATHS = NO;
				ASSETCATALOG_COMPILER_GENERATE_SWIFT_ASSET_SYMBOL_EXTENSIONS = YES;
				CLANG_ANALYZER_NONNULL = YES;
				CLANG_ANALYZER_NUMBER_OBJECT_CONVERSION = YES_AGGRESSIVE;
				CLANG_CXX_LANGUAGE_STANDARD = "gnu++20";
				CLANG_ENABLE_MODULES = YES;
				CLANG_ENABLE_OBJC_ARC = YES;
				CLANG_ENABLE_OBJC_WEAK = YES;
				CLANG_WARN_BLOCK_CAPTURE_AUTORELEASING = YES;
				CLANG_WARN_BOOL_CONVERSION = YES;
				CLANG_WARN_COMMA = YES;
				CLANG_WARN_CONSTANT_CONVERSION = YES;
				CLANG_WARN_DEPRECATED_OBJC_IMPLEMENTATIONS = YES;
				CLANG_WARN_DIRECT_OBJC_ISA_USAGE = YES_ERROR;
				CLANG_WARN_DOCUMENTATION_COMMENTS = YES;
				CLANG_WARN_EMPTY_BODY = YES;
				CLANG_WARN_ENUM_CONVERSION = YES;
				CLANG_WARN_INFINITE_RECURSION = YES;
				CLANG_WARN_INT_CONVERSION = YES;
				CLANG_WARN_NON_LITERAL_NULL_CONVERSION = YES;
				CLANG_WARN_OBJC_IMPLICIT_RETAIN_SELF = YES;
				CLANG_WARN_OBJC_LITERAL_CONVERSION = YES;
				CLANG_WARN_OBJC_ROOT_CLASS = YES_ERROR;
				CLANG_WARN_QUOTED_INCLUDE_IN_FRAMEWORK_HEADER = YES;
				CLANG_WARN_RANGE_LOOP_ANALYSIS = YES;
				CLANG_WARN_STRICT_PROTOTYPES = YES;
				CLANG_WARN_SUSPICIOUS_MOVE = YES;
				CLANG_WARN_UNGUARDED_AVAILABILITY = YES_AGGRESSIVE;
				CLANG_WARN_UNREACHABLE_CODE = YES;
				CLANG_WARN__DUPLICATE_METHOD_MATCH = YES;
				COPY_PHASE_STRIP = NO;
				DEBUG_INFORMATION_FORMAT = dwarf;
				ENABLE_STRICT_OBJC_MSGSEND = YES;
				ENABLE_TESTABILITY = YES;
				ENABLE_USER_SCRIPT_SANDBOXING = YES;
				GCC_C_LANGUAGE_STANDARD = gnu17;
				GCC_DYNAMIC_NO_PIC = NO;
				GCC_NO_COMMON_BLOCKS = YES;
				GCC_OPTIMIZATION_LEVEL = 0;
				GCC_PREPROCESSOR_DEFINITIONS = (
					"DEBUG=1",
					"$(inherited)",
				);
				GCC_WARN_64_TO_32_BIT_CONVERSION = YES;
				GCC_WARN_ABOUT_RETURN_TYPE = YES_ERROR;
				GCC_WARN_UNDECLARED_SELECTOR = YES;
				GCC_WARN_UNINITIALIZED_AUTOS = YES_AGGRESSIVE;
				GCC_WARN_UNUSED_FUNCTION = YES;
				GCC_WARN_UNUSED_VARIABLE = YES;
				LOCALIZATION_PREFERS_STRING_CATALOGS = YES;
				MACOSX_DEPLOYMENT_TARGET = 26.2;
				MTL_ENABLE_DEBUG_INFO = INCLUDE_SOURCE;
				MTL_FAST_MATH = YES;
				ONLY_ACTIVE_ARCH = YES;
				SDKROOT = macosx;
				SWIFT_ACTIVE_COMPILATION_CONDITIONS = "DEBUG $(inherited)";
				SWIFT_OPTIMIZATION_LEVEL = "-Onone";
			};
			name = Debug;
		};
		057494BB2F86628600E7BC28 /* Release */ = {
			isa = XCBuildConfiguration;
			buildSettings = {
				ALWAYS_SEARCH_USER_PATHS = NO;
				ASSETCATALOG_COMPILER_GENERATE_SWIFT_ASSET_SYMBOL_EXTENSIONS = YES;
				CLANG_ANALYZER_NONNULL = YES;
				CLANG_ANALYZER_NUMBER_OBJECT_CONVERSION = YES_AGGRESSIVE;
				CLANG_CXX_LANGUAGE_STANDARD = "gnu++20";
				CLANG_ENABLE_MODULES = YES;
				CLANG_ENABLE_OBJC_ARC = YES;
				CLANG_ENABLE_OBJC_WEAK = YES;
				CLANG_WARN_BLOCK_CAPTURE_AUTORELEASING = YES;
				CLANG_WARN_BOOL_CONVERSION = YES;
				CLANG_WARN_COMMA = YES;
				CLANG_WARN_CONSTANT_CONVERSION = YES;
				CLANG_WARN_DEPRECATED_OBJC_IMPLEMENTATIONS = YES;
				CLANG_WARN_DIRECT_OBJC_ISA_USAGE = YES_ERROR;
				CLANG_WARN_DOCUMENTATION_COMMENTS = YES;
				CLANG_WARN_EMPTY_BODY = YES;
				CLANG_WARN_ENUM_CONVERSION = YES;
				CLANG_WARN_INFINITE_RECURSION = YES;
				CLANG_WARN_INT_CONVERSION = YES;
				CLANG_WARN_NON_LITERAL_NULL_CONVERSION = YES;
				CLANG_WARN_OBJC_IMPLICIT_RETAIN_SELF = YES;
				CLANG_WARN_OBJC_LITERAL_CONVERSION = YES;
				CLANG_WARN_OBJC_ROOT_CLASS = YES_ERROR;
				CLANG_WARN_QUOTED_INCLUDE_IN_FRAMEWORK_HEADER = YES;
				CLANG_WARN_RANGE_LOOP_ANALYSIS = YES;
				CLANG_WARN_STRICT_PROTOTYPES = YES;
				CLANG_WARN_SUSPICIOUS_MOVE = YES;
				CLANG_WARN_UNGUARDED_AVAILABILITY = YES_AGGRESSIVE;
				CLANG_WARN_UNREACHABLE_CODE = YES;
				CLANG_WARN__DUPLICATE_METHOD_MATCH = YES;
				COPY_PHASE_STRIP = NO;
				DEBUG_INFORMATION_FORMAT = "dwarf-with-dsym";
				ENABLE_NS_ASSERTIONS = NO;
				ENABLE_STRICT_OBJC_MSGSEND = YES;
				ENABLE_USER_SCRIPT_SANDBOXING = YES;
				GCC_C_LANGUAGE_STANDARD = gnu17;
				GCC_NO_COMMON_BLOCKS = YES;
				GCC_WARN_64_TO_32_BIT_CONVERSION = YES;
				GCC_WARN_ABOUT_RETURN_TYPE = YES_ERROR;
				GCC_WARN_UNDECLARED_SELECTOR = YES;
				GCC_WARN_UNINITIALIZED_AUTOS = YES_AGGRESSIVE;
				GCC_WARN_UNUSED_FUNCTION = YES;
				GCC_WARN_UNUSED_VARIABLE = YES;
				LOCALIZATION_PREFERS_STRING_CATALOGS = YES;
				MACOSX_DEPLOYMENT_TARGET = 26.2;
				MTL_ENABLE_DEBUG_INFO = NO;
				MTL_FAST_MATH = YES;
				SDKROOT = macosx;
				SWIFT_COMPILATION_MODE = wholemodule;
			};
			name = Release;
		};
		057494BD2F86628600E7BC28 /* Debug */ = {
			isa = XCBuildConfiguration;
			buildSettings = {
				CODE_SIGN_STYLE = Automatic;
				CURRENT_PROJECT_VERSION = 1;
				DEVELOPMENT_TEAM = 7B5369RLC2;
				ENABLE_APP_SANDBOX = YES;
				ENABLE_HARDENED_RUNTIME = YES;
				ENABLE_USER_SELECTED_FILES = readonly;
				GENERATE_INFOPLIST_FILE = YES;
				INFOPLIST_FILE = "Webcap Extension/Info.plist";
				INFOPLIST_KEY_CFBundleDisplayName = "Webcap Extension";
				INFOPLIST_KEY_NSHumanReadableCopyright = "";
				LD_RUNPATH_SEARCH_PATHS = (
					"$(inherited)",
					"@executable_path/../Frameworks",
					"@executable_path/../../../../Frameworks",
				);
				MACOSX_DEPLOYMENT_TARGET = 10.14;
				MARKETING_VERSION = 1.0;
				OTHER_LDFLAGS = (
					"-framework",
					SafariServices,
				);
				PRODUCT_BUNDLE_IDENTIFIER = com.alperenyakut.webcap.Extension;
				PRODUCT_NAME = "$(TARGET_NAME)";
				SKIP_INSTALL = YES;
				STRING_CATALOG_GENERATE_SYMBOLS = YES;
				SWIFT_APPROACHABLE_CONCURRENCY = YES;
				SWIFT_EMIT_LOC_STRINGS = YES;
				SWIFT_UPCOMING_FEATURE_MEMBER_IMPORT_VISIBILITY = YES;
				SWIFT_VERSION = 5.0;
			};
			name = Debug;
		};
		057494BE2F86628600E7BC28 /* Release */ = {
			isa = XCBuildConfiguration;
			buildSettings = {
				CODE_SIGN_STYLE = Automatic;
				CURRENT_PROJECT_VERSION = 1;
				DEVELOPMENT_TEAM = 7B5369RLC2;
				ENABLE_APP_SANDBOX = YES;
				ENABLE_HARDENED_RUNTIME = YES;
				ENABLE_USER_SELECTED_FILES = readonly;
				GENERATE_INFOPLIST_FILE = YES;
				INFOPLIST_FILE = "Webcap Extension/Info.plist";
				INFOPLIST_KEY_CFBundleDisplayName = "Webcap Extension";
				INFOPLIST_KEY_NSHumanReadableCopyright = "";
				LD_RUNPATH_SEARCH_PATHS = (
					"$(inherited)",
					"@executable_path/../Frameworks",
					"@executable_path/../../../../Frameworks",
				);
				MACOSX_DEPLOYMENT_TARGET = 10.14;
				MARKETING_VERSION = 1.0;
				OTHER_LDFLAGS = (
					"-framework",
					SafariServices,
				);
				PRODUCT_BUNDLE_IDENTIFIER = com.alperenyakut.webcap.Extension;
				PRODUCT_NAME = "$(TARGET_NAME)";
				SKIP_INSTALL = YES;
				STRING_CATALOG_GENERATE_SYMBOLS = YES;
				SWIFT_APPROACHABLE_CONCURRENCY = YES;
				SWIFT_EMIT_LOC_STRINGS = YES;
				SWIFT_UPCOMING_FEATURE_MEMBER_IMPORT_VISIBILITY = YES;
				SWIFT_VERSION = 5.0;
			};
			name = Release;
		};
		057494C12F86628600E7BC28 /* Debug */ = {
			isa = XCBuildConfiguration;
			buildSettings = {
				ASSETCATALOG_COMPILER_APPICON_NAME = AppIcon;
				ASSETCATALOG_COMPILER_GLOBAL_ACCENT_COLOR_NAME = AccentColor;
				CODE_SIGN_STYLE = Automatic;
				COMBINE_HIDPI_IMAGES = YES;
				CURRENT_PROJECT_VERSION = 1;
				DEVELOPMENT_TEAM = 7B5369RLC2;
				ENABLE_APP_SANDBOX = YES;
				ENABLE_HARDENED_RUNTIME = YES;
				ENABLE_OUTGOING_NETWORK_CONNECTIONS = YES;
				ENABLE_USER_SELECTED_FILES = readonly;
				GENERATE_INFOPLIST_FILE = YES;
				INFOPLIST_FILE = Webcap/Info.plist;
				INFOPLIST_KEY_CFBundleDisplayName = Webcap;
				INFOPLIST_KEY_NSHumanReadableCopyright = "";
				INFOPLIST_KEY_NSMainStoryboardFile = Main;
				INFOPLIST_KEY_NSPrincipalClass = NSApplication;
				LD_RUNPATH_SEARCH_PATHS = (
					"$(inherited)",
					"@executable_path/../Frameworks",
				);
				MARKETING_VERSION = 1.0;
				OTHER_LDFLAGS = (
					"-framework",
					SafariServices,
					"-framework",
					WebKit,
				);
				PRODUCT_BUNDLE_IDENTIFIER = com.alperenyakut.webcap;
				PRODUCT_NAME = "$(TARGET_NAME)";
				REGISTER_APP_GROUPS = YES;
				STRING_CATALOG_GENERATE_SYMBOLS = YES;
				SWIFT_APPROACHABLE_CONCURRENCY = YES;
				SWIFT_DEFAULT_ACTOR_ISOLATION = MainActor;
				SWIFT_EMIT_LOC_STRINGS = YES;
				SWIFT_UPCOMING_FEATURE_MEMBER_IMPORT_VISIBILITY = YES;
				SWIFT_VERSION = 5.0;
			};
			name = Debug;
		};
		057494C22F86628600E7BC28 /* Release */ = {
			isa = XCBuildConfiguration;
			buildSettings = {
				ASSETCATALOG_COMPILER_APPICON_NAME = AppIcon;
				ASSETCATALOG_COMPILER_GLOBAL_ACCENT_COLOR_NAME = AccentColor;
				CODE_SIGN_STYLE = Automatic;
				COMBINE_HIDPI_IMAGES = YES;
				CURRENT_PROJECT_VERSION = 1;
				DEVELOPMENT_TEAM = 7B5369RLC2;
				ENABLE_APP_SANDBOX = YES;
				ENABLE_HARDENED_RUNTIME = YES;
				ENABLE_OUTGOING_NETWORK_CONNECTIONS = YES;
				ENABLE_USER_SELECTED_FILES = readonly;
				GENERATE_INFOPLIST_FILE = YES;
				INFOPLIST_FILE = Webcap/Info.plist;
				INFOPLIST_KEY_CFBundleDisplayName = Webcap;
				INFOPLIST_KEY_NSHumanReadableCopyright = "";
				INFOPLIST_KEY_NSMainStoryboardFile = Main;
				INFOPLIST_KEY_NSPrincipalClass = NSApplication;
				LD_RUNPATH_SEARCH_PATHS = (
					"$(inherited)",
					"@executable_path/../Frameworks",
				);
				MARKETING_VERSION = 1.0;
				OTHER_LDFLAGS = (
					"-framework",
					SafariServices,
					"-framework",
					WebKit,
				);
				PRODUCT_BUNDLE_IDENTIFIER = com.alperenyakut.webcap;
				PRODUCT_NAME = "$(TARGET_NAME)";
				REGISTER_APP_GROUPS = YES;
				STRING_CATALOG_GENERATE_SYMBOLS = YES;
				SWIFT_APPROACHABLE_CONCURRENCY = YES;
				SWIFT_DEFAULT_ACTOR_ISOLATION = MainActor;
				SWIFT_EMIT_LOC_STRINGS = YES;
				SWIFT_UPCOMING_FEATURE_MEMBER_IMPORT_VISIBILITY = YES;
				SWIFT_VERSION = 5.0;
			};
			name = Release;
		};
/* End XCBuildConfiguration section */

/* Begin XCConfigurationList section */
		057494922F86628400E7BC28 /* Build configuration list for PBXProject "Webcap" */ = {
			isa = XCConfigurationList;
			buildConfigurations = (
				057494BA2F86628600E7BC28 /* Debug */,
				057494BB2F86628600E7BC28 /* Release */,
			);
			defaultConfigurationIsVisible = 0;
			defaultConfigurationName = Release;
		};
		057494BC2F86628600E7BC28 /* Build configuration list for PBXNativeTarget "Webcap Extension" */ = {
			isa = XCConfigurationList;
			buildConfigurations = (
				057494BD2F86628600E7BC28 /* Debug */,
				057494BE2F86628600E7BC28 /* Release */,
			);
			defaultConfigurationIsVisible = 0;
			defaultConfigurationName = Release;
		};
		057494C02F86628600E7BC28 /* Build configuration list for PBXNativeTarget "Webcap" */ = {
			isa = XCConfigurationList;
			buildConfigurations = (
				057494C12F86628600E7BC28 /* Debug */,
				057494C22F86628600E7BC28 /* Release */,
			);
			defaultConfigurationIsVisible = 0;
			defaultConfigurationName = Release;
		};
/* End XCConfigurationList section */
	};
	rootObject = 0574948F2F86628400E7BC28 /* Project object */;
}
